{
  "requires": true,
  "lockfileVersion": 1,
  "dependencies": {
    "angular": {
      "version": "1.7.0",
      "resolved": "https://registry.npmjs.org/angular/-/angular-1.7.0.tgz",
      "integrity": "sha512-3LboCLjrOuC7dWh953O0+dI3dJ7PexYRSCIrfqoN5qoHyja/wak3eWoxPKb2Sl2qwiPbrUV5KJXwgpUQ48McBQ=="
    },
    "angularjs-responsive-navbar": {
      "version": "1.0.1",
      "resolved": "https://registry.npmjs.org/angularjs-responsive-navbar/-/angularjs-responsive-navbar-1.0.1.tgz",
      "integrity": "sha512-5ovjWC5IgXpV2kWj2LKxqvt0rq1HgOBgDOaArw48gikDKpfAbr2e/DwzTT4wMBvxbn7KEIrtA4JHBf/kOlNI4Q==",
      "requires": {
        "mime": "1.6.0"
      }
    },
    "mime": {
      "version": "1.6.0",
      "resolved": "https://registry.npmjs.org/mime/-/mime-1.6.0.tgz",
      "integrity": "sha512-x0Vn8spI+wuJ1O6S7gnbaQg8Pxh4NNHb7KSINmEWKiPE4RKOplvijn+NkmYmmRgP68mc70j2EbeTFRsrswaQeg=="
    }
  }
}
